// !$*UTF8*$!
{
	archiveVersion = 1;
	classes = {
	};
	objectVersion = 46;
	objects = {

/* Begin PBXBuildFile section */
		E774340E1DA6DA4700073356 /* ResourcePath.mm in Sources */ = {isa = PBXBuildFile; fileRef = E774340D1DA6DA4700073356 /* ResourcePath.mm */; };
		E77434111DA6DA4700073356 /* main.cpp in Sources */ = {isa = PBXBuildFile; fileRef = E77434101DA6DA4700073356 /* main.cpp */; };
		E77434141DA6DA4700073356 /* cute_image.jpg in Resources */ = {isa = PBXBuildFile; fileRef = E77434131DA6DA4700073356 /* cute_image.jpg */; };
		E77434161DA6DA4700073356 /* nice_music.ogg in Resources */ = {isa = PBXBuildFile; fileRef = E77434151DA6DA4700073356 /* nice_music.ogg */; };
		E77434181DA6DA4700073356 /* sansation.ttf in Resources */ = {isa = PBXBuildFile; fileRef = E77434171DA6DA4700073356 /* sansation.ttf */; };
		E774341A1DA6DA4700073356 /* icon.png in Resources */ = {isa = PBXBuildFile; fileRef = E77434191DA6DA4700073356 /* icon.png */; };
		E77434211DA6DB0500073356 /* images in Resources */ = {isa = PBXBuildFile; fileRef = E77434201DA6DB0500073356 /* images */; };
/* End PBXBuildFile section */

/* Begin PBXFileReference section */
		E77434081DA6DA4700073356 /* SFMLTeste.app */ = {isa = PBXFileReference; explicitFileType = wrapper.application; includeInIndex = 0; path = SFMLTeste.app; sourceTree = BUILT_PRODUCTS_DIR; };
		E774340C1DA6DA4700073356 /* SFMLTeste-Info.plist */ = {isa = PBXFileReference; lastKnownFileType = text.plist.xml; path = "SFMLTeste-Info.plist"; sourceTree = "<group>"; };
		E774340D1DA6DA4700073356 /* ResourcePath.mm */ = {isa = PBXFileReference; lastKnownFileType = sourcecode.cpp.objcpp; path = ResourcePath.mm; sourceTree = "<group>"; };
		E774340F1DA6DA4700073356 /* ResourcePath.hpp */ = {isa = PBXFileReference; lastKnownFileType = sourcecode.cpp.h; path = ResourcePath.hpp; sourceTree = "<group>"; };
		E77434101DA6DA4700073356 /* main.cpp */ = {isa = PBXFileReference; lastKnownFileType = sourcecode.cpp.cpp; path = main.cpp; sourceTree = "<group>"; };
		E77434131DA6DA4700073356 /* cute_image.jpg */ = {isa = PBXFileReference; lastKnownFileType = image.jpeg; path = cute_image.jpg; sourceTree = "<group>"; };
		E77434151DA6DA4700073356 /* nice_music.ogg */ = {isa = PBXFileReference; lastKnownFileType = file; path = nice_music.ogg; sourceTree = "<group>"; };
		E77434171DA6DA4700073356 /* sansation.ttf */ = {isa = PBXFileReference; lastKnownFileType = file; path = sansation.ttf; sourceTree = "<group>"; };
		E77434191DA6DA4700073356 /* icon.png */ = {isa = PBXFileReference; lastKnownFileType = image.png; path = icon.png; sourceTree = "<group>"; };
		E77434201DA6DB0500073356 /* images */ = {isa = PBXFileReference; lastKnownFileType = folder; name = images; path = ../../Sources/01Tetris/images; sourceTree = "<group>"; };
/* End PBXFileReference section */

/* Begin PBXFrameworksBuildPhase section */
		E77434041DA6DA4700073356 /* Frameworks */ = {
			isa = PBXFrameworksBuildPhase;
			buildActionMask = 2147483647;
			files = (
			);
			runOnlyForDeploymentPostprocessing = 0;
		};
/* End PBXFrameworksBuildPhase section */

/* Begin PBXGroup section */
		E77433FE1DA6DA4700073356 = {
			isa = PBXGroup;
			children = (
				E774340A1DA6DA4700073356 /* SFMLTeste */,
				E77434091DA6DA4700073356 /* Products */,
			);
			sourceTree = "<group>";
		};
		E77434091DA6DA4700073356 /* Products */ = {
			isa = PBXGroup;
			children = (
				E77434081DA6DA4700073356 /* SFMLTeste.app */,
			);
			name = Products;
			sourceTree = "<group>";
		};
		E774340A1DA6DA4700073356 /* SFMLTeste */ = {
			isa = PBXGroup;
			children = (
				E77434201DA6DB0500073356 /* images */,
				E774340D1DA6DA4700073356 /* ResourcePath.mm */,
				E774340F1DA6DA4700073356 /* ResourcePath.hpp */,
				E77434101DA6DA4700073356 /* main.cpp */,
				E77434121DA6DA4700073356 /* Resources */,
				E774340B1DA6DA4700073356 /* Supporting Files */,
			);
			path = SFMLTeste;
			sourceTree = "<group>";
		};
		E774340B1DA6DA4700073356 /* Supporting Files */ = {
			isa = PBXGroup;
			children = (
				E774340C1DA6DA4700073356 /* SFMLTeste-Info.plist */,
			);
			name = "Supporting Files";
			sourceTree = "<group>";
		};
		E77434121DA6DA4700073356 /* Resources */ = {
			isa = PBXGroup;
			children = (
				E77434131DA6DA4700073356 /* cute_image.jpg */,
				E77434151DA6DA4700073356 /* nice_music.ogg */,
				E77434171DA6DA4700073356 /* sansation.ttf */,
				E77434191DA6DA4700073356 /* icon.png */,
			);
			name = Resources;
			sourceTree = "<group>";
		};
/* End PBXGroup section */

/* Begin PBXNativeTarget section */
		E77434071DA6DA4700073356 /* SFMLTeste */ = {
			isa = PBXNativeTarget;
			buildConfigurationList = E774341D1DA6DA4700073356 /* Build configuration list for PBXNativeTarget "SFMLTeste" */;
			buildPhases = (
				E77434031DA6DA4700073356 /* Sources */,
				E77434041DA6DA4700073356 /* Frameworks */,
				E77434051DA6DA4700073356 /* Resources */,
				E77434061DA6DA4700073356 /* ShellScript */,
			);
			buildRules = (
			);
			dependencies = (
			);
			name = SFMLTeste;
			productName = SFMLTeste;
			productReference = E77434081DA6DA4700073356 /* SFMLTeste.app */;
			productType = "com.apple.product-type.application";
		};
/* End PBXNativeTarget section */

/* Begin PBXProject section */
		E77433FF1DA6DA4700073356 /* Project object */ = {
			isa = PBXProject;
			attributes = {
				LastUpgradeCheck = 0800;
				ORGANIZATIONNAME = "Diego Go";
				TargetAttributes = {
					E77434071DA6DA4700073356 = {
						CreatedOnToolsVersion = 8.0;
						ProvisioningStyle = Automatic;
					};
				};
			};
			buildConfigurationList = E77434021DA6DA4700073356 /* Build configuration list for PBXProject "SFMLTeste" */;
			compatibilityVersion = "Xcode 3.2";
			developmentRegion = English;
			hasScannedForEncodings = 0;
			knownRegions = (
				en,
			);
			mainGroup = E77433FE1DA6DA4700073356;
			productRefGroup = E77434091DA6DA4700073356 /* Products */;
			projectDirPath = "";
			projectRoot = "";
			targets = (
				E77434071DA6DA4700073356 /* SFMLTeste */,
			);
		};
/* End PBXProject section */

/* Begin PBXResourcesBuildPhase section */
		E77434051DA6DA4700073356 /* Resources */ = {
			isa = PBXResourcesBuildPhase;
			buildActionMask = 2147483647;
			files = (
				E77434211DA6DB0500073356 /* images in Resources */,
				E774341A1DA6DA4700073356 /* icon.png in Resources */,
				E77434181DA6DA4700073356 /* sansation.ttf in Resources */,
				E77434161DA6DA4700073356 /* nice_music.ogg in Resources */,
				E77434141DA6DA4700073356 /* cute_image.jpg in Resources */,
			);
			runOnlyForDeploymentPostprocessing = 0;
		};
/* End PBXResourcesBuildPhase section */

/* Begin PBXShellScriptBuildPhase section */
		E77434061DA6DA4700073356 /* ShellScript */ = {
			isa = PBXShellScriptBuildPhase;
			buildActionMask = 2147483647;
			files = (
			);
			inputPaths = (
			);
			outputPaths = (
			);
			runOnlyForDeploymentPostprocessing = 0;
			shellPath = /bin/sh;
			shellScript = "# This shell script simply copies required SFML dylibs/frameworks into the application bundle frameworks folder.\n# If you're using static libraries (which is not recommended) you should remove this script from your project.\n\n# SETTINGS\nCMAKE_INSTALL_FRAMEWORK_PREFIX=\"/Library/Frameworks\"\nCMAKE_INSTALL_LIB_PREFIX=\"/usr/local/lib\"\nFRAMEWORKS_FULL_PATH=\"$BUILT_PRODUCTS_DIR/$FRAMEWORKS_FOLDER_PATH/\"\n\n# Are we building a project that uses frameworks or dylibs?\ncase \"$SFML_BINARY_TYPE\" in\n    DYLIBS)\n        frameworks=\"false\"\n        ;;\n    *)\n        frameworks=\"true\"\n        ;;\nesac\n\n# Echoes to stderr\nerror () # $* message to display\n{\n    echo $* 1>&2\n    exit 2\n}\n\nassert () # $1 is a boolean, $2...N is an error message\n{\n    if [ $# -lt 2 ]\n    then\n        error \"Internal error in assert: not enough args\"\n    fi\n\n    if [ $1 -ne 0 ]\n    then\n        shift\n        error \"$*\"\n    fi\n}\n\nforce_remove () # $@ is some paths\n{\n    test $# -ge 1\n    assert $? \"force_remove() requires at least one parameter\"\n    rm -fr $@\n    assert $? \"couldn't remove $@\"\n}\n\ncopy () # $1 is a source, $2 is a destination\n{\n    test $# -eq 2\n    assert $? \"copy() requires two parameters\"\n    ditto \"$1\" \"$2\"\n    assert $? \"couldn't copy $1 to $2\"\n}\n\nrequire () # $1 is a SFML module like 'system' or 'audio'\n{\n    dest=\"$BUILT_PRODUCTS_DIR/$FRAMEWORKS_FOLDER_PATH/\"\n\n    if [ -z \"$1\" ]\n    then\n        error \"require() requires one parameter!\"\n    else\n        # clean potentially old stuff\n        force_remove \"$dest/libsfml-$1\"*\n        force_remove \"$dest/sfml-$1.framework\"\n\n        # copy SFML libraries\n        if [ \"$frameworks\" = \"true\" ]\n        then\n            source=\"$CMAKE_INSTALL_FRAMEWORK_PREFIX/sfml-$1.framework\"\n            target=\"sfml-$1.framework\"\n        elif [ \"$SFML_LINK_DYLIBS_SUFFIX\" = \"-d\" ]\n        then\n            source=\"$CMAKE_INSTALL_LIB_PREFIX/libsfml-$1-d.dylib\"\n            target=\"`readlink $source`\"\n        else\n            source=\"$CMAKE_INSTALL_LIB_PREFIX/libsfml-$1.dylib\"\n            target=\"`readlink $source`\"\n        fi\n\n        copy \"$source\" \"$dest/$target\"\n\n        # copy extra dependencies\n        if [ \"$1\" = \"audio\" ]\n        then\n            # copy \"FLAC\" \"ogg\" \"vorbis\" \"vorbisenc\" \"vorbisfile\" \"OpenAL\" frameworks too\n            for f in \"FLAC\" \"ogg\" \"vorbis\" \"vorbisenc\" \"vorbisfile\" \"OpenAL\"\n            do\n                copy \"$CMAKE_INSTALL_FRAMEWORK_PREFIX/$f.framework\" \"$dest/$f.framework\"\n            done\n        elif [ \"$1\" = \"graphics\" ]\n        then\n            copy \"$CMAKE_INSTALL_FRAMEWORK_PREFIX/freetype.framework\" \"$dest/freetype.framework\"\n        fi\n    fi\n}\n\nif [ -n \"$SFML_SYSTEM\" ]\nthen\n    require \"system\"\nfi\n\nif [ -n \"$SFML_AUDIO\" ]\nthen\n    require \"audio\"\nfi\n\nif [ -n \"$SFML_NETWORK\" ]\nthen\n    require \"network\"\nfi\n\nif [ -n \"$SFML_WINDOW\" ]\nthen\n    require \"window\"\nfi\n\nif [ -n \"$SFML_GRAPHICS\" ]\nthen\n    require \"graphics\"\nfi\n\n                ";
		};
/* End PBXShellScriptBuildPhase section */

/* Begin PBXSourcesBuildPhase section */
		E77434031DA6DA4700073356 /* Sources */ = {
			isa = PBXSourcesBuildPhase;
			buildActionMask = 2147483647;
			files = (
				E77434111DA6DA4700073356 /* main.cpp in Sources */,
				E774340E1DA6DA4700073356 /* ResourcePath.mm in Sources */,
			);
			runOnlyForDeploymentPostprocessing = 0;
		};
/* End PBXSourcesBuildPhase section */

/* Begin XCBuildConfiguration section */
		E774341B1DA6DA4700073356 /* Debug */ = {
			isa = XCBuildConfiguration;
			buildSettings = {
				ARCHS = "$(NATIVE_ARCH_ACTUAL)";
				CLANG_CXX_LANGUAGE_STANDARD = "c++0x";
				CLANG_CXX_LIBRARY = "libc++";
				FRAMEWORK_SEARCH_PATHS = (
					/Library/Frameworks/,
					"$(inherited)",
				);
				GCC_VERSION = com.apple.compilers.llvm.clang.1_0;
				HEADER_SEARCH_PATHS = (
					/usr/local/include/,
					"$(inherited)",
				);
				LIBRARY_SEARCH_PATHS = (
					/usr/local/lib/,
					"$(inherited)",
				);
				MACOSX_DEPLOYMENT_TARGET = 10.7;
				OTHER_LDFLAGS = (
					"$(inherited)",
					"$(SFML_SYSTEM)",
					"$(SFML_WINDOW)",
					"$(SFML_GRAPHICS)",
					"$(SFML_AUDIO)",
					"$(SFML_NETWORK)",
				);
				SFML_AUDIO = "$(SFML_LINK_PREFIX) sfml-audio$(SFML_LINK_SUFFIX)";
				SFML_BINARY_TYPE = FRAMEWORKS;
				SFML_GRAPHICS = "$(SFML_LINK_PREFIX) sfml-graphics$(SFML_LINK_SUFFIX)";
				SFML_LINK_DYLIBS_PREFIX = "-l";
				SFML_LINK_DYLIBS_SUFFIX = "";
				SFML_LINK_FRAMEWORKS_PREFIX = "-framework";
				SFML_LINK_FRAMEWORKS_SUFFIX = "";
				SFML_LINK_PREFIX = "$(SFML_LINK_$(SFML_BINARY_TYPE)_PREFIX)";
				SFML_LINK_SUFFIX = "$(SFML_LINK_$(SFML_BINARY_TYPE)_SUFFIX)";
				SFML_NETWORK = "$(SFML_LINK_PREFIX) sfml-network$(SFML_LINK_SUFFIX)";
				SFML_SYSTEM = "$(SFML_LINK_PREFIX) sfml-system$(SFML_LINK_SUFFIX)";
				SFML_WINDOW = "$(SFML_LINK_PREFIX) sfml-window$(SFML_LINK_SUFFIX)";
				SUPPORTED_PLATFORMS = macosx;
			};
			name = Debug;
		};
		E774341C1DA6DA4700073356 /* Release */ = {
			isa = XCBuildConfiguration;
			buildSettings = {
				ARCHS = "$(NATIVE_ARCH_ACTUAL)";
				CLANG_CXX_LANGUAGE_STANDARD = "c++0x";
				CLANG_CXX_LIBRARY = "libc++";
				FRAMEWORK_SEARCH_PATHS = (
					/Library/Frameworks/,
					"$(inherited)",
				);
				GCC_VERSION = com.apple.compilers.llvm.clang.1_0;
				HEADER_SEARCH_PATHS = (
					/usr/local/include/,
					"$(inherited)",
				);
				LIBRARY_SEARCH_PATHS = (
					/usr/local/lib/,
					"$(inherited)",
				);
				MACOSX_DEPLOYMENT_TARGET = 10.7;
				OTHER_LDFLAGS = (
					"$(inherited)",
					"$(SFML_SYSTEM)",
					"$(SFML_WINDOW)",
					"$(SFML_GRAPHICS)",
					"$(SFML_AUDIO)",
					"$(SFML_NETWORK)",
				);
				SFML_AUDIO = "$(SFML_LINK_PREFIX) sfml-audio$(SFML_LINK_SUFFIX)";
				SFML_BINARY_TYPE = FRAMEWORKS;
				SFML_GRAPHICS = "$(SFML_LINK_PREFIX) sfml-graphics$(SFML_LINK_SUFFIX)";
				SFML_LINK_DYLIBS_PREFIX = "-l";
				SFML_LINK_DYLIBS_SUFFIX = "";
				SFML_LINK_FRAMEWORKS_PREFIX = "-framework";
				SFML_LINK_FRAMEWORKS_SUFFIX = "";
				SFML_LINK_PREFIX = "$(SFML_LINK_$(SFML_BINARY_TYPE)_PREFIX)";
				SFML_LINK_SUFFIX = "$(SFML_LINK_$(SFML_BINARY_TYPE)_SUFFIX)";
				SFML_NETWORK = "$(SFML_LINK_PREFIX) sfml-network$(SFML_LINK_SUFFIX)";
				SFML_SYSTEM = "$(SFML_LINK_PREFIX) sfml-system$(SFML_LINK_SUFFIX)";
				SFML_WINDOW = "$(SFML_LINK_PREFIX) sfml-window$(SFML_LINK_SUFFIX)";
				SUPPORTED_PLATFORMS = macosx;
			};
			name = Release;
		};
		E774341E1DA6DA4700073356 /* Debug */ = {
			isa = XCBuildConfiguration;
			buildSettings = {
				INFOPLIST_FILE = "SFMLTeste/SFMLTeste-Info.plist";
				LD_RUNPATH_SEARCH_PATHS = "@loader_path/../Frameworks";
				PRODUCT_NAME = "$(TARGET_NAME)";
			};
			name = Debug;
		};
		E774341F1DA6DA4700073356 /* Release */ = {
			isa = XCBuildConfiguration;
			buildSettings = {
				INFOPLIST_FILE = "SFMLTeste/SFMLTeste-Info.plist";
				LD_RUNPATH_SEARCH_PATHS = "@loader_path/../Frameworks";
				PRODUCT_NAME = "$(TARGET_NAME)";
			};
			name = Release;
		};
/* End XCBuildConfiguration section */

/* Begin XCConfigurationList section */
		E77434021DA6DA4700073356 /* Build configuration list for PBXProject "SFMLTeste" */ = {
			isa = XCConfigurationList;
			buildConfigurations = (
				E774341B1DA6DA4700073356 /* Debug */,
				E774341C1DA6DA4700073356 /* Release */,
			);
			defaultConfigurationIsVisible = 0;
			defaultConfigurationName = Release;
		};
		E774341D1DA6DA4700073356 /* Build configuration list for PBXNativeTarget "SFMLTeste" */ = {
			isa = XCConfigurationList;
			buildConfigurations = (
				E774341E1DA6DA4700073356 /* Debug */,
				E774341F1DA6DA4700073356 /* Release */,
			);
			defaultConfigurationIsVisible = 0;
			defaultConfigurationName = Release;
		};
/* End XCConfigurationList section */
	};
	rootObject = E77433FF1DA6DA4700073356 /* Project object */;
}
